{
  "pins" : [
    {
      "identity" : "keychainaccess",
      "kind" : "remoteSourceControl",
      "location" : "https://github.com/kishikawakatsumi/KeychainAccess",
      "state" : {
        "revision" : "84e546727d66f1adc5439debad16270d0fdd04e7",
        "version" : "4.2.2"
      }
    },
    {
      "identity" : "supabase-swift",
      "kind" : "remoteSourceControl",
      "location" : "https://github.com/supabase-community/supabase-swift",
      "state" : {
        "branch" : "master",
        "revision" : "a629bdea0e86a38281ab4136907eee5eafc070c3"
      }
    },
    {
      "identity" : "swift-case-paths",
      "kind" : "remoteSourceControl",
      "location" : "https://github.com/pointfreeco/swift-case-paths",
      "state" : {
        "revision" : "5da6989aae464f324eef5c5b52bdb7974725ab81",
        "version" : "1.0.0"
      }
    },
    {
      "identity" : "swift-custom-dump",
      "kind" : "remoteSourceControl",
      "location" : "https://github.com/pointfreeco/swift-custom-dump",
      "state" : {
        "revision" : "3efbfba0e4e56c7187cc19137ee16b7c95346b79",
        "version" : "1.1.0"
      }
    },
    {
      "identity" : "swiftui-navigation",
      "kind" : "remoteSourceControl",
      "location" : "https://github.com/pointfreeco/swiftui-navigation.git",
      "state" : {
        "revision" : "6eb293c49505d86e9e24232cb6af6be7fff93bd5",
        "version" : "1.0.2"
      }
    },
    {
      "identity" : "xctest-dynamic-overlay",
      "kind" : "remoteSourceControl",
      "location" : "https://github.com/pointfreeco/xctest-dynamic-overlay",
      "state" : {
        "revision" : "23cbf2294e350076ea4dbd7d5d047c1e76b03631",
        "version" : "1.0.2"
      }
    }
  ],
  "version" : 2
}
